
Microsoft Visual Studio Solution File, Format Version 12.00
# Visual Studio Version 17
VisualStudioVersion = 17.1.32228.430
MinimumVisualStudioVersion = 10.0.40219.1
Project("{FAE04EC0-301F-11D3-BF4B-00C04F79EFBC}") = "BibliotecaDate", "BibliotecaDate\BibliotecaDate.csproj", "{E82B49E5-4E98-4060-8356-DF8885A036DB}"
EndProject
Global
	GlobalSection(SolutionConfigurationPlatforms) = preSolution
		Debug|Any CPU = Debug|Any CPU
		Release|Any CPU = Release|Any CPU
	EndGlobalSection
	GlobalSection(ProjectConfigurationPlatforms) = postSolution
		{E82B49E5-4E98-4060-8356-DF8885A036DB}.Debug|Any CPU.ActiveCfg = Debug|Any CPU
		{E82B49E5-4E98-4060-8356-DF8885A036DB}.Debug|Any CPU.Build.0 = Debug|Any CPU
		{E82B49E5-4E98-4060-8356-DF8885A036DB}.Release|Any CPU.ActiveCfg = Release|Any CPU
		{E82B49E5-4E98-4060-8356-DF8885A036DB}.Release|Any CPU.Build.0 = Release|Any CPU
	EndGlobalSection
	GlobalSection(SolutionProperties) = preSolution
		HideSolutionNode = FALSE
	EndGlobalSection
	GlobalSection(ExtensibilityGlobals) = postSolution
		SolutionGuid = {8F5873EB-D8A2-4EA8-8979-1588269703ED}
	EndGlobalSection
EndGlobal
